
Microsoft Visual Studio Solution File, Format Version 12.00
# Visual Studio Version 16
VisualStudioVersion = 16.0.30907.101
MinimumVisualStudioVersion = 10.0.40219.1
Project("{FAE04EC0-301F-11D3-BF4B-00C04F79EFBC}") = "GenericSpecificationPattern", "GenericSpecificationPattern\GenericSpecificationPattern.csproj", "{DBE1B6B8-8837-4161-B3B7-F456987E09EE}"
EndProject
Global
	GlobalSection(SolutionConfigurationPlatforms) = preSolution
		Debug|Any CPU = Debug|Any CPU
		Release|Any CPU = Release|Any CPU
	EndGlobalSection
	GlobalSection(ProjectConfigurationPlatforms) = postSolution
		{DBE1B6B8-8837-4161-B3B7-F456987E09EE}.Debug|Any CPU.ActiveCfg = Debug|Any CPU
		{DBE1B6B8-8837-4161-B3B7-F456987E09EE}.Debug|Any CPU.Build.0 = Debug|Any CPU
		{DBE1B6B8-8837-4161-B3B7-F456987E09EE}.Release|Any CPU.ActiveCfg = Release|Any CPU
		{DBE1B6B8-8837-4161-B3B7-F456987E09EE}.Release|Any CPU.Build.0 = Release|Any CPU
	EndGlobalSection
	GlobalSection(SolutionProperties) = preSolution
		HideSolutionNode = FALSE
	EndGlobalSection
	GlobalSection(ExtensibilityGlobals) = postSolution
		SolutionGuid = {41B5A72A-0287-4F29-9658-722C855F8B63}
	EndGlobalSection
EndGlobal
